// !$*UTF8*$!
{
	archiveVersion = 1;
	classes = {
	};
	objectVersion = 56;
	objects = {

/* Begin PBXBuildFile section */
		1989F0162EE1BA50000AF66B /* TooltipPreviewScreen.swift in Sources */ = {isa = PBXBuildFile; fileRef = 1989F0152EE1BA50000AF66B /* TooltipPreviewScreen.swift */; };
		1B9624932A38A870005CA52B /* ToolTipKit in Frameworks */ = {isa = PBXBuildFile; productRef = 1B9624922A38A870005CA52B /* ToolTipKit */; };
		1B9624952A38A88000A8BD94 /* TooltipKitUI in Frameworks */ = {isa = PBXBuildFile; productRef = 1B9624942A38A88000A8BD94 /* TooltipKitUI */; };
		1BE7B8ED2A38A47B00A8BD94 /* AppDelegate.swift in Sources */ = {isa = PBXBuildFile; fileRef = 1BE7B8EC2A38A47B00A8BD94 /* AppDelegate.swift */; };
		1BE7B8EF2A38A47B00A8BD94 /* SceneDelegate.swift in Sources */ = {isa = PBXBuildFile; fileRef = 1BE7B8EE2A38A47B00A8BD94 /* SceneDelegate.swift */; };
		1BE7B8F12A38A47B00A8BD94 /* ViewController.swift in Sources */ = {isa = PBXBuildFile; fileRef = 1BE7B8F02A38A47B00A8BD94 /* ViewController.swift */; };
		1BE7B8F42A38A47B00A8BD94 /* Main.storyboard in Resources */ = {isa = PBXBuildFile; fileRef = 1BE7B8F22A38A47B00A8BD94 /* Main.storyboard */; };
		1BE7B8F62A38A47C00A8BD94 /* Assets.xcassets in Resources */ = {isa = PBXBuildFile; fileRef = 1BE7B8F52A38A47C00A8BD94 /* Assets.xcassets */; };
		1BE7B8F92A38A47C00A8BD94 /* LaunchScreen.storyboard in Resources */ = {isa = PBXBuildFile; fileRef = 1BE7B8F72A38A47C00A8BD94 /* LaunchScreen.storyboard */; };
/* End PBXBuildFile section */

/* Begin PBXFileReference section */
		1989F0152EE1BA50000AF66B /* TooltipPreviewScreen.swift */ = {isa = PBXFileReference; lastKnownFileType = sourcecode.swift; path = TooltipPreviewScreen.swift; sourceTree = "<group>"; };
		1BE7B8E92A38A47B00A8BD94 /* Sample.app */ = {isa = PBXFileReference; explicitFileType = wrapper.application; includeInIndex = 0; path = Sample.app; sourceTree = BUILT_PRODUCTS_DIR; };
		1BE7B8EC2A38A47B00A8BD94 /* AppDelegate.swift */ = {isa = PBXFileReference; lastKnownFileType = sourcecode.swift; path = AppDelegate.swift; sourceTree = "<group>"; };
		1BE7B8EE2A38A47B00A8BD94 /* SceneDelegate.swift */ = {isa = PBXFileReference; lastKnownFileType = sourcecode.swift; path = SceneDelegate.swift; sourceTree = "<group>"; };
		1BE7B8F02A38A47B00A8BD94 /* ViewController.swift */ = {isa = PBXFileReference; lastKnownFileType = sourcecode.swift; path = ViewController.swift; sourceTree = "<group>"; };
		1BE7B8F32A38A47B00A8BD94 /* Base */ = {isa = PBXFileReference; lastKnownFileType = file.storyboard; name = Base; path = Base.lproj/Main.storyboard; sourceTree = "<group>"; };
		1BE7B8F52A38A47C00A8BD94 /* Assets.xcassets */ = {isa = PBXFileReference; lastKnownFileType = folder.assetcatalog; path = Assets.xcassets; sourceTree = "<group>"; };
		1BE7B8F82A38A47C00A8BD94 /* Base */ = {isa = PBXFileReference; lastKnownFileType = file.storyboard; name = Base; path = Base.lproj/LaunchScreen.storyboard; sourceTree = "<group>"; };
		1BE7B8FA2A38A47C00A8BD94 /* Info.plist */ = {isa = PBXFileReference; lastKnownFileType = text.plist.xml; path = Info.plist; sourceTree = "<group>"; };
		1BE7B9012A38A4CA00A8BD94 /* ToopTipKit */ = {isa = PBXFileReference; lastKnownFileType = wrapper; name = ToopTipKit; path = ..; sourceTree = "<group>"; };
/* End PBXFileReference section */

/* Begin PBXFrameworksBuildPhase section */
		1BE7B8E62A38A47B00A8BD94 /* Frameworks */ = {
			isa = PBXFrameworksBuildPhase;
			buildActionMask = 2147483647;
			files = (
				1B9624932A38A870005CA52B /* ToolTipKit in Frameworks */,
				1B9624952A38A88000A8BD94 /* TooltipKitUI in Frameworks */,
			);
			runOnlyForDeploymentPostprocessing = 0;
		};
/* End PBXFrameworksBuildPhase section */

/* Begin PBXGroup section */
		1989F0142EE1BA3A000AF66B /* SwiftUI */ = {
			isa = PBXGroup;
			children = (
				1989F0152EE1BA50000AF66B /* TooltipPreviewScreen.swift */,
			);
			path = SwiftUI;
			sourceTree = "<group>";
		};
		1B9624912A38A870005CA52B /* Frameworks */ = {
			isa = PBXGroup;
			children = (
			);
			name = Frameworks;
			sourceTree = "<group>";
		};
		1BE7B8E02A38A47B00A8BD94 = {
			isa = PBXGroup;
			children = (
				1BE7B9002A38A4CA00A8BD94 /* Packages */,
				1BE7B8EB2A38A47B00A8BD94 /* Sample */,
				1BE7B8EA2A38A47B00A8BD94 /* Products */,
				1B9624912A38A870005CA52B /* Frameworks */,
			);
			sourceTree = "<group>";
		};
		1BE7B8EA2A38A47B00A8BD94 /* Products */ = {
			isa = PBXGroup;
			children = (
				1BE7B8E92A38A47B00A8BD94 /* Sample.app */,
			);
			name = Products;
			sourceTree = "<group>";
		};
		1BE7B8EB2A38A47B00A8BD94 /* Sample */ = {
			isa = PBXGroup;
			children = (
				1989F0142EE1BA3A000AF66B /* SwiftUI */,
				1BE7B8EC2A38A47B00A8BD94 /* AppDelegate.swift */,
				1BE7B8EE2A38A47B00A8BD94 /* SceneDelegate.swift */,
				1BE7B8F02A38A47B00A8BD94 /* ViewController.swift */,
				1BE7B8F22A38A47B00A8BD94 /* Main.storyboard */,
				1BE7B8F52A38A47C00A8BD94 /* Assets.xcassets */,
				1BE7B8F72A38A47C00A8BD94 /* LaunchScreen.storyboard */,
				1BE7B8FA2A38A47C00A8BD94 /* Info.plist */,
			);
			path = Sample;
			sourceTree = "<group>";
		};
		1BE7B9002A38A4CA00A8BD94 /* Packages */ = {
			isa = PBXGroup;
			children = (
				1BE7B9012A38A4CA00A8BD94 /* ToopTipKit */,
			);
			name = Packages;
			sourceTree = "<group>";
		};
/* End PBXGroup section */

/* Begin PBXNativeTarget section */
		1BE7B8E82A38A47B00A8BD94 /* Sample */ = {
			isa = PBXNativeTarget;
			buildConfigurationList = 1BE7B8FD2A38A47C00A8BD94 /* Build configuration list for PBXNativeTarget "Sample" */;
			buildPhases = (
				1BE7B8E52A38A47B00A8BD94 /* Sources */,
				1BE7B8E62A38A47B00A8BD94 /* Frameworks */,
				1BE7B8E72A38A47B00A8BD94 /* Resources */,
			);
			buildRules = (
			);
			dependencies = (
			);
			name = Sample;
			packageProductDependencies = (
				1B9624922A38A870005CA52B /* ToolTipKit */,
				1B9624942A38A88000A8BD94 /* TooltipKitUI */,
			);
			productName = Sample;
			productReference = 1BE7B8E92A38A47B00A8BD94 /* Sample.app */;
			productType = "com.apple.product-type.application";
		};
/* End PBXNativeTarget section */

/* Begin PBXProject section */
		1BE7B8E12A38A47B00A8BD94 /* Project object */ = {
			isa = PBXProject;
			attributes = {
				BuildIndependentTargetsInParallel = 1;
				LastSwiftUpdateCheck = 1430;
				LastUpgradeCheck = 1430;
				TargetAttributes = {
					1BE7B8E82A38A47B00A8BD94 = {
						CreatedOnToolsVersion = 14.3;
					};
				};
			};
			buildConfigurationList = 1BE7B8E42A38A47B00A8BD94 /* Build configuration list for PBXProject "Sample" */;
			compatibilityVersion = "Xcode 14.0";
			developmentRegion = en;
			hasScannedForEncodings = 0;
			knownRegions = (
				en,
				Base,
			);
			mainGroup = 1BE7B8E02A38A47B00A8BD94;
			productRefGroup = 1BE7B8EA2A38A47B00A8BD94 /* Products */;
			projectDirPath = "";
			projectRoot = "";
			targets = (
				1BE7B8E82A38A47B00A8BD94 /* Sample */,
			);
		};
/* End PBXProject section */

/* Begin PBXResourcesBuildPhase section */
		1BE7B8E72A38A47B00A8BD94 /* Resources */ = {
			isa = PBXResourcesBuildPhase;
			buildActionMask = 2147483647;
			files = (
				1BE7B8F92A38A47C00A8BD94 /* LaunchScreen.storyboard in Resources */,
				1BE7B8F62A38A47C00A8BD94 /* Assets.xcassets in Resources */,
				1BE7B8F42A38A47B00A8BD94 /* Main.storyboard in Resources */,
			);
			runOnlyForDeploymentPostprocessing = 0;
		};
/* End PBXResourcesBuildPhase section */

/* Begin PBXSourcesBuildPhase section */
		1BE7B8E52A38A47B00A8BD94 /* Sources */ = {
			isa = PBXSourcesBuildPhase;
			buildActionMask = 2147483647;
			files = (
				1BE7B8F12A38A47B00A8BD94 /* ViewController.swift in Sources */,
				1BE7B8ED2A38A47B00A8BD94 /* AppDelegate.swift in Sources */,
				1989F0162EE1BA50000AF66B /* TooltipPreviewScreen.swift in Sources */,
				1BE7B8EF2A38A47B00A8BD94 /* SceneDelegate.swift in Sources */,
			);
			runOnlyForDeploymentPostprocessing = 0;
		};
/* End PBXSourcesBuildPhase section */

/* Begin PBXVariantGroup section */
		1BE7B8F22A38A47B00A8BD94 /* Main.storyboard */ = {
			isa = PBXVariantGroup;
			children = (
				1BE7B8F32A38A47B00A8BD94 /* Base */,
			);
			name = Main.storyboard;
			sourceTree = "<group>";
		};
		1BE7B8F72A38A47C00A8BD94 /* LaunchScreen.storyboard */ = {
			isa = PBXVariantGroup;
			children = (
				1BE7B8F82A38A47C00A8BD94 /* Base */,
			);
			name = LaunchScreen.storyboard;
			sourceTree = "<group>";
		};
/* End PBXVariantGroup section */

/* Begin XCBuildConfiguration section */
		1BE7B8FB2A38A47C00A8BD94 /* Debug */ = {
			isa = XCBuildConfiguration;
			buildSettings = {
				ALWAYS_SEARCH_USER_PATHS = NO;
				CLANG_ANALYZER_NONNULL = YES;
				CLANG_ANALYZER_NUMBER_OBJECT_CONVERSION = YES_AGGRESSIVE;
				CLANG_CXX_LANGUAGE_STANDARD = "gnu++20";
				CLANG_ENABLE_MODULES = YES;
				CLANG_ENABLE_OBJC_ARC = YES;
				CLANG_ENABLE_OBJC_WEAK = YES;
				CLANG_WARN_BLOCK_CAPTURE_AUTORELEASING = YES;
				CLANG_WARN_BOOL_CONVERSION = YES;
				CLANG_WARN_COMMA = YES;
				CLANG_WARN_CONSTANT_CONVERSION = YES;
				CLANG_WARN_DEPRECATED_OBJC_IMPLEMENTATIONS = YES;
				CLANG_WARN_DIRECT_OBJC_ISA_USAGE = YES_ERROR;
				CLANG_WARN_DOCUMENTATION_COMMENTS = YES;
				CLANG_WARN_EMPTY_BODY = YES;
				CLANG_WARN_ENUM_CONVERSION = YES;
				CLANG_WARN_INFINITE_RECURSION = YES;
				CLANG_WARN_INT_CONVERSION = YES;
				CLANG_WARN_NON_LITERAL_NULL_CONVERSION = YES;
				CLANG_WARN_OBJC_IMPLICIT_RETAIN_SELF = YES;
				CLANG_WARN_OBJC_LITERAL_CONVERSION = YES;
				CLANG_WARN_OBJC_ROOT_CLASS = YES_ERROR;
				CLANG_WARN_QUOTED_INCLUDE_IN_FRAMEWORK_HEADER = YES;
				CLANG_WARN_RANGE_LOOP_ANALYSIS = YES;
				CLANG_WARN_STRICT_PROTOTYPES = YES;
				CLANG_WARN_SUSPICIOUS_MOVE = YES;
				CLANG_WARN_UNGUARDED_AVAILABILITY = YES_AGGRESSIVE;
				CLANG_WARN_UNREACHABLE_CODE = YES;
				CLANG_WARN__DUPLICATE_METHOD_MATCH = YES;
				COPY_PHASE_STRIP = NO;
				DEBUG_INFORMATION_FORMAT = dwarf;
				ENABLE_STRICT_OBJC_MSGSEND = YES;
				ENABLE_TESTABILITY = YES;
				GCC_C_LANGUAGE_STANDARD = gnu11;
				GCC_DYNAMIC_NO_PIC = NO;
				GCC_NO_COMMON_BLOCKS = YES;
				GCC_OPTIMIZATION_LEVEL = 0;
				GCC_PREPROCESSOR_DEFINITIONS = (
					"DEBUG=1",
					"$(inherited)",
				);
				GCC_WARN_64_TO_32_BIT_CONVERSION = YES;
				GCC_WARN_ABOUT_RETURN_TYPE = YES_ERROR;
				GCC_WARN_UNDECLARED_SELECTOR = YES;
				GCC_WARN_UNINITIALIZED_AUTOS = YES_AGGRESSIVE;
				GCC_WARN_UNUSED_FUNCTION = YES;
				GCC_WARN_UNUSED_VARIABLE = YES;
				IPHONEOS_DEPLOYMENT_TARGET = 16.4;
				MTL_ENABLE_DEBUG_INFO = INCLUDE_SOURCE;
				MTL_FAST_MATH = YES;
				ONLY_ACTIVE_ARCH = YES;
				SDKROOT = iphoneos;
				SWIFT_ACTIVE_COMPILATION_CONDITIONS = DEBUG;
				SWIFT_OPTIMIZATION_LEVEL = "-Onone";
			};
			name = Debug;
		};
		1BE7B8FC2A38A47C00A8BD94 /* Release */ = {
			isa = XCBuildConfiguration;
			buildSettings = {
				ALWAYS_SEARCH_USER_PATHS = NO;
				CLANG_ANALYZER_NONNULL = YES;
				CLANG_ANALYZER_NUMBER_OBJECT_CONVERSION = YES_AGGRESSIVE;
				CLANG_CXX_LANGUAGE_STANDARD = "gnu++20";
				CLANG_ENABLE_MODULES = YES;
				CLANG_ENABLE_OBJC_ARC = YES;
				CLANG_ENABLE_OBJC_WEAK = YES;
				CLANG_WARN_BLOCK_CAPTURE_AUTORELEASING = YES;
				CLANG_WARN_BOOL_CONVERSION = YES;
				CLANG_WARN_COMMA = YES;
				CLANG_WARN_CONSTANT_CONVERSION = YES;
				CLANG_WARN_DEPRECATED_OBJC_IMPLEMENTATIONS = YES;
				CLANG_WARN_DIRECT_OBJC_ISA_USAGE = YES_ERROR;
				CLANG_WARN_DOCUMENTATION_COMMENTS = YES;
				CLANG_WARN_EMPTY_BODY = YES;
				CLANG_WARN_ENUM_CONVERSION = YES;
				CLANG_WARN_INFINITE_RECURSION = YES;
				CLANG_WARN_INT_CONVERSION = YES;
				CLANG_WARN_NON_LITERAL_NULL_CONVERSION = YES;
				CLANG_WARN_OBJC_IMPLICIT_RETAIN_SELF = YES;
				CLANG_WARN_OBJC_LITERAL_CONVERSION = YES;
				CLANG_WARN_OBJC_ROOT_CLASS = YES_ERROR;
				CLANG_WARN_QUOTED_INCLUDE_IN_FRAMEWORK_HEADER = YES;
				CLANG_WARN_RANGE_LOOP_ANALYSIS = YES;
				CLANG_WARN_STRICT_PROTOTYPES = YES;
				CLANG_WARN_SUSPICIOUS_MOVE = YES;
				CLANG_WARN_UNGUARDED_AVAILABILITY = YES_AGGRESSIVE;
				CLANG_WARN_UNREACHABLE_CODE = YES;
				CLANG_WARN__DUPLICATE_METHOD_MATCH = YES;
				COPY_PHASE_STRIP = NO;
				DEBUG_INFORMATION_FORMAT = "dwarf-with-dsym";
				ENABLE_NS_ASSERTIONS = NO;
				ENABLE_STRICT_OBJC_MSGSEND = YES;
				GCC_C_LANGUAGE_STANDARD = gnu11;
				GCC_NO_COMMON_BLOCKS = YES;
				GCC_WARN_64_TO_32_BIT_CONVERSION = YES;
				GCC_WARN_ABOUT_RETURN_TYPE = YES_ERROR;
				GCC_WARN_UNDECLARED_SELECTOR = YES;
				GCC_WARN_UNINITIALIZED_AUTOS = YES_AGGRESSIVE;
				GCC_WARN_UNUSED_FUNCTION = YES;
				GCC_WARN_UNUSED_VARIABLE = YES;
				IPHONEOS_DEPLOYMENT_TARGET = 16.4;
				MTL_ENABLE_DEBUG_INFO = NO;
				MTL_FAST_MATH = YES;
				SDKROOT = iphoneos;
				SWIFT_COMPILATION_MODE = wholemodule;
				SWIFT_OPTIMIZATION_LEVEL = "-O";
				VALIDATE_PRODUCT = YES;
			};
			name = Release;
		};
		1BE7B8FE2A38A47C00A8BD94 /* Debug */ = {
			isa = XCBuildConfiguration;
			buildSettings = {
				ASSETCATALOG_COMPILER_APPICON_NAME = AppIcon;
				ASSETCATALOG_COMPILER_GLOBAL_ACCENT_COLOR_NAME = AccentColor;
				CODE_SIGN_STYLE = Automatic;
				CURRENT_PROJECT_VERSION = 1;
				DEVELOPMENT_TEAM = 5MNU4WM44M;
				GENERATE_INFOPLIST_FILE = YES;
				INFOPLIST_FILE = Sample/Info.plist;
				INFOPLIST_KEY_UIApplicationSupportsIndirectInputEvents = YES;
				INFOPLIST_KEY_UILaunchStoryboardName = LaunchScreen;
				INFOPLIST_KEY_UIMainStoryboardFile = Main;
				INFOPLIST_KEY_UISupportedInterfaceOrientations_iPad = "UIInterfaceOrientationPortrait UIInterfaceOrientationPortraitUpsideDown UIInterfaceOrientationLandscapeLeft UIInterfaceOrientationLandscapeRight";
				INFOPLIST_KEY_UISupportedInterfaceOrientations_iPhone = "UIInterfaceOrientationPortrait UIInterfaceOrientationLandscapeLeft UIInterfaceOrientationLandscapeRight";
				LD_RUNPATH_SEARCH_PATHS = (
					"$(inherited)",
					"@executable_path/Frameworks",
				);
				MARKETING_VERSION = 1.0;
				PRODUCT_BUNDLE_IDENTIFIER = mobven.Sample;
				PRODUCT_NAME = "$(TARGET_NAME)";
				SWIFT_EMIT_LOC_STRINGS = YES;
				SWIFT_VERSION = 5.0;
				TARGETED_DEVICE_FAMILY = "1,2";
			};
			name = Debug;
		};
		1BE7B8FF2A38A47C00A8BD94 /* Release */ = {
			isa = XCBuildConfiguration;
			buildSettings = {
				ASSETCATALOG_COMPILER_APPICON_NAME = AppIcon;
				ASSETCATALOG_COMPILER_GLOBAL_ACCENT_COLOR_NAME = AccentColor;
				CODE_SIGN_STYLE = Automatic;
				CURRENT_PROJECT_VERSION = 1;
				DEVELOPMENT_TEAM = 5MNU4WM44M;
				GENERATE_INFOPLIST_FILE = YES;
				INFOPLIST_FILE = Sample/Info.plist;
				INFOPLIST_KEY_UIApplicationSupportsIndirectInputEvents = YES;
				INFOPLIST_KEY_UILaunchStoryboardName = LaunchScreen;
				INFOPLIST_KEY_UIMainStoryboardFile = Main;
				INFOPLIST_KEY_UISupportedInterfaceOrientations_iPad = "UIInterfaceOrientationPortrait UIInterfaceOrientationPortraitUpsideDown UIInterfaceOrientationLandscapeLeft UIInterfaceOrientationLandscapeRight";
				INFOPLIST_KEY_UISupportedInterfaceOrientations_iPhone = "UIInterfaceOrientationPortrait UIInterfaceOrientationLandscapeLeft UIInterfaceOrientationLandscapeRight";
				LD_RUNPATH_SEARCH_PATHS = (
					"$(inherited)",
					"@executable_path/Frameworks",
				);
				MARKETING_VERSION = 1.0;
				PRODUCT_BUNDLE_IDENTIFIER = mobven.Sample;
				PRODUCT_NAME = "$(TARGET_NAME)";
				SWIFT_EMIT_LOC_STRINGS = YES;
				SWIFT_VERSION = 5.0;
				TARGETED_DEVICE_FAMILY = "1,2";
			};
			name = Release;
		};
/* End XCBuildConfiguration section */

/* Begin XCConfigurationList section */
		1BE7B8E42A38A47B00A8BD94 /* Build configuration list for PBXProject "Sample" */ = {
			isa = XCConfigurationList;
			buildConfigurations = (
				1BE7B8FB2A38A47C00A8BD94 /* Debug */,
				1BE7B8FC2A38A47C00A8BD94 /* Release */,
			);
			defaultConfigurationIsVisible = 0;
			defaultConfigurationName = Release;
		};
		1BE7B8FD2A38A47C00A8BD94 /* Build configuration list for PBXNativeTarget "Sample" */ = {
			isa = XCConfigurationList;
			buildConfigurations = (
				1BE7B8FE2A38A47C00A8BD94 /* Debug */,
				1BE7B8FF2A38A47C00A8BD94 /* Release */,
			);
			defaultConfigurationIsVisible = 0;
			defaultConfigurationName = Release;
		};
/* End XCConfigurationList section */

/* Begin XCSwiftPackageProductDependency section */
		1B9624922A38A870005CA52B /* ToolTipKit */ = {
			isa = XCSwiftPackageProductDependency;
			productName = ToolTipKit;
		};
		1B9624942A38A88000A8BD94 /* TooltipKitUI */ = {
			isa = XCSwiftPackageProductDependency;
			productName = TooltipKitUI;
		};
/* End XCSwiftPackageProductDependency section */
	};
	rootObject = 1BE7B8E12A38A47B00A8BD94 /* Project object */;
}
